
Microsoft Visual Studio Solution File, Format Version 12.00
# Visual Studio Version 17
VisualStudioVersion = 17.2.32616.157
MinimumVisualStudioVersion = 10.0.40219.1
Project("{9A19103F-16F7-4668-BE54-9A1E7A4F7556}") = "Services.API.Library", "Services.API.Library\Services.API.Library.csproj", "{0583F90D-E079-4699-9A73-3C3F186529CF}"
EndProject
Project("{9A19103F-16F7-4668-BE54-9A1E7A4F7556}") = "Services.API.Security", "Services.API.Security\Services.API.Security.csproj", "{4E928FF4-C2DF-482E-81EE-8FCC5BC39B65}"
EndProject
Project("{FAE04EC0-301F-11D3-BF4B-00C04F79EFBC}") = "Service.API.Gateway", "Service.API.Gateway\Service.API.Gateway.csproj", "{B6205D4D-A816-4226-817E-6528CA5136CC}"
EndProject
Global
	GlobalSection(SolutionConfigurationPlatforms) = preSolution
		Debug|Any CPU = Debug|Any CPU
		Release|Any CPU = Release|Any CPU
	EndGlobalSection
	GlobalSection(ProjectConfigurationPlatforms) = postSolution
		{0583F90D-E079-4699-9A73-3C3F186529CF}.Debug|Any CPU.ActiveCfg = Debug|Any CPU
		{0583F90D-E079-4699-9A73-3C3F186529CF}.Debug|Any CPU.Build.0 = Debug|Any CPU
		{0583F90D-E079-4699-9A73-3C3F186529CF}.Release|Any CPU.ActiveCfg = Release|Any CPU
		{0583F90D-E079-4699-9A73-3C3F186529CF}.Release|Any CPU.Build.0 = Release|Any CPU
		{4E928FF4-C2DF-482E-81EE-8FCC5BC39B65}.Debug|Any CPU.ActiveCfg = Debug|Any CPU
		{4E928FF4-C2DF-482E-81EE-8FCC5BC39B65}.Debug|Any CPU.Build.0 = Debug|Any CPU
		{4E928FF4-C2DF-482E-81EE-8FCC5BC39B65}.Release|Any CPU.ActiveCfg = Release|Any CPU
		{4E928FF4-C2DF-482E-81EE-8FCC5BC39B65}.Release|Any CPU.Build.0 = Release|Any CPU
		{B6205D4D-A816-4226-817E-6528CA5136CC}.Debug|Any CPU.ActiveCfg = Debug|Any CPU
		{B6205D4D-A816-4226-817E-6528CA5136CC}.Debug|Any CPU.Build.0 = Debug|Any CPU
		{B6205D4D-A816-4226-817E-6528CA5136CC}.Release|Any CPU.ActiveCfg = Release|Any CPU
		{B6205D4D-A816-4226-817E-6528CA5136CC}.Release|Any CPU.Build.0 = Release|Any CPU
	EndGlobalSection
	GlobalSection(SolutionProperties) = preSolution
		HideSolutionNode = FALSE
	EndGlobalSection
	GlobalSection(ExtensibilityGlobals) = postSolution
		SolutionGuid = {C6BE1FB5-1614-4A4F-8FA2-C7D095599410}
	EndGlobalSection
EndGlobal
